// !$*UTF8*$!
{
	archiveVersion = 1;
	classes = {
	};
	objectVersion = 56;
	objects = {

/* Begin PBXBuildFile section */
		7CB35F872915428D0018998B /* AppDelegate.swift in Sources */ = {isa = PBXBuildFile; fileRef = 7CB35F862915428D0018998B /* AppDelegate.swift */; };
		7CB35F892915428D0018998B /* SceneDelegate.swift in Sources */ = {isa = PBXBuildFile; fileRef = 7CB35F882915428D0018998B /* SceneDelegate.swift */; };
		7CB35F8E2915428D0018998B /* Main.storyboard in Resources */ = {isa = PBXBuildFile; fileRef = 7CB35F8C2915428D0018998B /* Main.storyboard */; };
		7CB35F90291542920018998B /* Assets.xcassets in Resources */ = {isa = PBXBuildFile; fileRef = 7CB35F8F291542920018998B /* Assets.xcassets */; };
		7CB35F93291542920018998B /* LaunchScreen.storyboard in Resources */ = {isa = PBXBuildFile; fileRef = 7CB35F91291542920018998B /* LaunchScreen.storyboard */; };
		7CB35F9E291542930018998B /* iTunesSearchTests.swift in Sources */ = {isa = PBXBuildFile; fileRef = 7CB35F9D291542930018998B /* iTunesSearchTests.swift */; };
		7CB35FA8291542930018998B /* iTunesSearchUITests.swift in Sources */ = {isa = PBXBuildFile; fileRef = 7CB35FA7291542930018998B /* iTunesSearchUITests.swift */; };
		7CB35FAA291542930018998B /* iTunesSearchUITestsLaunchTests.swift in Sources */ = {isa = PBXBuildFile; fileRef = 7CB35FA9291542930018998B /* iTunesSearchUITestsLaunchTests.swift */; };
		7CB35FB92915446D0018998B /* StoreItemListTableViewController.swift in Sources */ = {isa = PBXBuildFile; fileRef = 7CB35FB82915446D0018998B /* StoreItemListTableViewController.swift */; };
		7CB35FBB291546300018998B /* ItemCell.swift in Sources */ = {isa = PBXBuildFile; fileRef = 7CB35FBA291546300018998B /* ItemCell.swift */; };
		7CB35FBD29167F040018998B /* StoreItem.swift in Sources */ = {isa = PBXBuildFile; fileRef = 7CB35FBC29167F040018998B /* StoreItem.swift */; };
		7CB35FBF29167F340018998B /* StoreItemController.swift in Sources */ = {isa = PBXBuildFile; fileRef = 7CB35FBE29167F340018998B /* StoreItemController.swift */; };
/* End PBXBuildFile section */

/* Begin PBXContainerItemProxy section */
		7CB35F9A291542930018998B /* PBXContainerItemProxy */ = {
			isa = PBXContainerItemProxy;
			containerPortal = 7CB35F7B2915428D0018998B /* Project object */;
			proxyType = 1;
			remoteGlobalIDString = 7CB35F822915428D0018998B;
			remoteInfo = iTunesSearch;
		};
		7CB35FA4291542930018998B /* PBXContainerItemProxy */ = {
			isa = PBXContainerItemProxy;
			containerPortal = 7CB35F7B2915428D0018998B /* Project object */;
			proxyType = 1;
			remoteGlobalIDString = 7CB35F822915428D0018998B;
			remoteInfo = iTunesSearch;
		};
/* End PBXContainerItemProxy section */

/* Begin PBXFileReference section */
		7CB35F832915428D0018998B /* iTunesSearch.app */ = {isa = PBXFileReference; explicitFileType = wrapper.application; includeInIndex = 0; path = iTunesSearch.app; sourceTree = BUILT_PRODUCTS_DIR; };
		7CB35F862915428D0018998B /* AppDelegate.swift */ = {isa = PBXFileReference; lastKnownFileType = sourcecode.swift; path = AppDelegate.swift; sourceTree = "<group>"; };
		7CB35F882915428D0018998B /* SceneDelegate.swift */ = {isa = PBXFileReference; lastKnownFileType = sourcecode.swift; path = SceneDelegate.swift; sourceTree = "<group>"; };
		7CB35F8D2915428D0018998B /* Base */ = {isa = PBXFileReference; lastKnownFileType = file.storyboard; name = Base; path = Base.lproj/Main.storyboard; sourceTree = "<group>"; };
		7CB35F8F291542920018998B /* Assets.xcassets */ = {isa = PBXFileReference; lastKnownFileType = folder.assetcatalog; path = Assets.xcassets; sourceTree = "<group>"; };
		7CB35F92291542920018998B /* Base */ = {isa = PBXFileReference; lastKnownFileType = file.storyboard; name = Base; path = Base.lproj/LaunchScreen.storyboard; sourceTree = "<group>"; };
		7CB35F94291542920018998B /* Info.plist */ = {isa = PBXFileReference; lastKnownFileType = text.plist.xml; path = Info.plist; sourceTree = "<group>"; };
		7CB35F99291542930018998B /* iTunesSearchTests.xctest */ = {isa = PBXFileReference; explicitFileType = wrapper.cfbundle; includeInIndex = 0; path = iTunesSearchTests.xctest; sourceTree = BUILT_PRODUCTS_DIR; };
		7CB35F9D291542930018998B /* iTunesSearchTests.swift */ = {isa = PBXFileReference; lastKnownFileType = sourcecode.swift; path = iTunesSearchTests.swift; sourceTree = "<group>"; };
		7CB35FA3291542930018998B /* iTunesSearchUITests.xctest */ = {isa = PBXFileReference; explicitFileType = wrapper.cfbundle; includeInIndex = 0; path = iTunesSearchUITests.xctest; sourceTree = BUILT_PRODUCTS_DIR; };
		7CB35FA7291542930018998B /* iTunesSearchUITests.swift */ = {isa = PBXFileReference; lastKnownFileType = sourcecode.swift; path = iTunesSearchUITests.swift; sourceTree = "<group>"; };
		7CB35FA9291542930018998B /* iTunesSearchUITestsLaunchTests.swift */ = {isa = PBXFileReference; lastKnownFileType = sourcecode.swift; path = iTunesSearchUITestsLaunchTests.swift; sourceTree = "<group>"; };
		7CB35FB82915446D0018998B /* StoreItemListTableViewController.swift */ = {isa = PBXFileReference; lastKnownFileType = sourcecode.swift; path = StoreItemListTableViewController.swift; sourceTree = "<group>"; };
		7CB35FBA291546300018998B /* ItemCell.swift */ = {isa = PBXFileReference; lastKnownFileType = sourcecode.swift; path = ItemCell.swift; sourceTree = "<group>"; };
		7CB35FBC29167F040018998B /* StoreItem.swift */ = {isa = PBXFileReference; lastKnownFileType = sourcecode.swift; path = StoreItem.swift; sourceTree = "<group>"; };
		7CB35FBE29167F340018998B /* StoreItemController.swift */ = {isa = PBXFileReference; lastKnownFileType = sourcecode.swift; path = StoreItemController.swift; sourceTree = "<group>"; };
/* End PBXFileReference section */

/* Begin PBXFrameworksBuildPhase section */
		7CB35F802915428D0018998B /* Frameworks */ = {
			isa = PBXFrameworksBuildPhase;
			buildActionMask = 2147483647;
			files = (
			);
			runOnlyForDeploymentPostprocessing = 0;
		};
		7CB35F96291542930018998B /* Frameworks */ = {
			isa = PBXFrameworksBuildPhase;
			buildActionMask = 2147483647;
			files = (
			);
			runOnlyForDeploymentPostprocessing = 0;
		};
		7CB35FA0291542930018998B /* Frameworks */ = {
			isa = PBXFrameworksBuildPhase;
			buildActionMask = 2147483647;
			files = (
			);
			runOnlyForDeploymentPostprocessing = 0;
		};
/* End PBXFrameworksBuildPhase section */

/* Begin PBXGroup section */
		7CB35F7A2915428D0018998B = {
			isa = PBXGroup;
			children = (
				7CB35FA6291542930018998B /* iTunesSearchUITests */,
				7CB35F9C291542930018998B /* iTunesSearchTests */,
				7CB35F852915428D0018998B /* iTunesSearch */,
				7CB35F842915428D0018998B /* Products */,
			);
			sourceTree = "<group>";
		};
		7CB35F842915428D0018998B /* Products */ = {
			isa = PBXGroup;
			children = (
				7CB35F832915428D0018998B /* iTunesSearch.app */,
				7CB35F99291542930018998B /* iTunesSearchTests.xctest */,
				7CB35FA3291542930018998B /* iTunesSearchUITests.xctest */,
			);
			name = Products;
			sourceTree = "<group>";
		};
		7CB35F852915428D0018998B /* iTunesSearch */ = {
			isa = PBXGroup;
			children = (
				7CB35F862915428D0018998B /* AppDelegate.swift */,
				7CB35F882915428D0018998B /* SceneDelegate.swift */,
				7CB35FBA291546300018998B /* ItemCell.swift */,
				7CB35FB82915446D0018998B /* StoreItemListTableViewController.swift */,
				7CB35FBC29167F040018998B /* StoreItem.swift */,
				7CB35FBE29167F340018998B /* StoreItemController.swift */,
				7CB35F8F291542920018998B /* Assets.xcassets */,
				7CB35F94291542920018998B /* Info.plist */,
				7CB35F91291542920018998B /* LaunchScreen.storyboard */,
				7CB35F8C2915428D0018998B /* Main.storyboard */,
			);
			path = iTunesSearch;
			sourceTree = "<group>";
		};
		7CB35F9C291542930018998B /* iTunesSearchTests */ = {
			isa = PBXGroup;
			children = (
				7CB35F9D291542930018998B /* iTunesSearchTests.swift */,
			);
			path = iTunesSearchTests;
			sourceTree = "<group>";
		};
		7CB35FA6291542930018998B /* iTunesSearchUITests */ = {
			isa = PBXGroup;
			children = (
				7CB35FA7291542930018998B /* iTunesSearchUITests.swift */,
				7CB35FA9291542930018998B /* iTunesSearchUITestsLaunchTests.swift */,
			);
			path = iTunesSearchUITests;
			sourceTree = "<group>";
		};
/* End PBXGroup section */

/* Begin PBXNativeTarget section */
		7CB35F822915428D0018998B /* iTunesSearch */ = {
			isa = PBXNativeTarget;
			buildConfigurationList = 7CB35FAD291542930018998B /* Build configuration list for PBXNativeTarget "iTunesSearch" */;
			buildPhases = (
				7CB35F7F2915428D0018998B /* Sources */,
				7CB35F802915428D0018998B /* Frameworks */,
				7CB35F812915428D0018998B /* Resources */,
			);
			buildRules = (
			);
			dependencies = (
			);
			name = iTunesSearch;
			productName = iTunesSearch;
			productReference = 7CB35F832915428D0018998B /* iTunesSearch.app */;
			productType = "com.apple.product-type.application";
		};
		7CB35F98291542930018998B /* iTunesSearchTests */ = {
			isa = PBXNativeTarget;
			buildConfigurationList = 7CB35FB0291542930018998B /* Build configuration list for PBXNativeTarget "iTunesSearchTests" */;
			buildPhases = (
				7CB35F95291542930018998B /* Sources */,
				7CB35F96291542930018998B /* Frameworks */,
				7CB35F97291542930018998B /* Resources */,
			);
			buildRules = (
			);
			dependencies = (
				7CB35F9B291542930018998B /* PBXTargetDependency */,
			);
			name = iTunesSearchTests;
			productName = iTunesSearchTests;
			productReference = 7CB35F99291542930018998B /* iTunesSearchTests.xctest */;
			productType = "com.apple.product-type.bundle.unit-test";
		};
		7CB35FA2291542930018998B /* iTunesSearchUITests */ = {
			isa = PBXNativeTarget;
			buildConfigurationList = 7CB35FB3291542930018998B /* Build configuration list for PBXNativeTarget "iTunesSearchUITests" */;
			buildPhases = (
				7CB35F9F291542930018998B /* Sources */,
				7CB35FA0291542930018998B /* Frameworks */,
				7CB35FA1291542930018998B /* Resources */,
			);
			buildRules = (
			);
			dependencies = (
				7CB35FA5291542930018998B /* PBXTargetDependency */,
			);
			name = iTunesSearchUITests;
			productName = iTunesSearchUITests;
			productReference = 7CB35FA3291542930018998B /* iTunesSearchUITests.xctest */;
			productType = "com.apple.product-type.bundle.ui-testing";
		};
/* End PBXNativeTarget section */

/* Begin PBXProject section */
		7CB35F7B2915428D0018998B /* Project object */ = {
			isa = PBXProject;
			attributes = {
				BuildIndependentTargetsInParallel = 1;
				LastSwiftUpdateCheck = 1400;
				LastUpgradeCheck = 1400;
				TargetAttributes = {
					7CB35F822915428D0018998B = {
						CreatedOnToolsVersion = 14.0.1;
					};
					7CB35F98291542930018998B = {
						CreatedOnToolsVersion = 14.0.1;
						TestTargetID = 7CB35F822915428D0018998B;
					};
					7CB35FA2291542930018998B = {
						CreatedOnToolsVersion = 14.0.1;
						TestTargetID = 7CB35F822915428D0018998B;
					};
				};
			};
			buildConfigurationList = 7CB35F7E2915428D0018998B /* Build configuration list for PBXProject "iTunesSearch" */;
			compatibilityVersion = "Xcode 14.0";
			developmentRegion = en;
			hasScannedForEncodings = 0;
			knownRegions = (
				en,
				Base,
			);
			mainGroup = 7CB35F7A2915428D0018998B;
			productRefGroup = 7CB35F842915428D0018998B /* Products */;
			projectDirPath = "";
			projectRoot = "";
			targets = (
				7CB35F822915428D0018998B /* iTunesSearch */,
				7CB35F98291542930018998B /* iTunesSearchTests */,
				7CB35FA2291542930018998B /* iTunesSearchUITests */,
			);
		};
/* End PBXProject section */

/* Begin PBXResourcesBuildPhase section */
		7CB35F812915428D0018998B /* Resources */ = {
			isa = PBXResourcesBuildPhase;
			buildActionMask = 2147483647;
			files = (
				7CB35F93291542920018998B /* LaunchScreen.storyboard in Resources */,
				7CB35F90291542920018998B /* Assets.xcassets in Resources */,
				7CB35F8E2915428D0018998B /* Main.storyboard in Resources */,
			);
			runOnlyForDeploymentPostprocessing = 0;
		};
		7CB35F97291542930018998B /* Resources */ = {
			isa = PBXResourcesBuildPhase;
			buildActionMask = 2147483647;
			files = (
			);
			runOnlyForDeploymentPostprocessing = 0;
		};
		7CB35FA1291542930018998B /* Resources */ = {
			isa = PBXResourcesBuildPhase;
			buildActionMask = 2147483647;
			files = (
			);
			runOnlyForDeploymentPostprocessing = 0;
		};
/* End PBXResourcesBuildPhase section */

/* Begin PBXSourcesBuildPhase section */
		7CB35F7F2915428D0018998B /* Sources */ = {
			isa = PBXSourcesBuildPhase;
			buildActionMask = 2147483647;
			files = (
				7CB35FBB291546300018998B /* ItemCell.swift in Sources */,
				7CB35FBD29167F040018998B /* StoreItem.swift in Sources */,
				7CB35FBF29167F340018998B /* StoreItemController.swift in Sources */,
				7CB35FB92915446D0018998B /* StoreItemListTableViewController.swift in Sources */,
				7CB35F872915428D0018998B /* AppDelegate.swift in Sources */,
				7CB35F892915428D0018998B /* SceneDelegate.swift in Sources */,
			);
			runOnlyForDeploymentPostprocessing = 0;
		};
		7CB35F95291542930018998B /* Sources */ = {
			isa = PBXSourcesBuildPhase;
			buildActionMask = 2147483647;
			files = (
				7CB35F9E291542930018998B /* iTunesSearchTests.swift in Sources */,
			);
			runOnlyForDeploymentPostprocessing = 0;
		};
		7CB35F9F291542930018998B /* Sources */ = {
			isa = PBXSourcesBuildPhase;
			buildActionMask = 2147483647;
			files = (
				7CB35FAA291542930018998B /* iTunesSearchUITestsLaunchTests.swift in Sources */,
				7CB35FA8291542930018998B /* iTunesSearchUITests.swift in Sources */,
			);
			runOnlyForDeploymentPostprocessing = 0;
		};
/* End PBXSourcesBuildPhase section */

/* Begin PBXTargetDependency section */
		7CB35F9B291542930018998B /* PBXTargetDependency */ = {
			isa = PBXTargetDependency;
			target = 7CB35F822915428D0018998B /* iTunesSearch */;
			targetProxy = 7CB35F9A291542930018998B /* PBXContainerItemProxy */;
		};
		7CB35FA5291542930018998B /* PBXTargetDependency */ = {
			isa = PBXTargetDependency;
			target = 7CB35F822915428D0018998B /* iTunesSearch */;
			targetProxy = 7CB35FA4291542930018998B /* PBXContainerItemProxy */;
		};
/* End PBXTargetDependency section */

/* Begin PBXVariantGroup section */
		7CB35F8C2915428D0018998B /* Main.storyboard */ = {
			isa = PBXVariantGroup;
			children = (
				7CB35F8D2915428D0018998B /* Base */,
			);
			name = Main.storyboard;
			sourceTree = "<group>";
		};
		7CB35F91291542920018998B /* LaunchScreen.storyboard */ = {
			isa = PBXVariantGroup;
			children = (
				7CB35F92291542920018998B /* Base */,
			);
			name = LaunchScreen.storyboard;
			sourceTree = "<group>";
		};
/* End PBXVariantGroup section */

/* Begin XCBuildConfiguration section */
		7CB35FAB291542930018998B /* Debug */ = {
			isa = XCBuildConfiguration;
			buildSettings = {
				ALWAYS_SEARCH_USER_PATHS = NO;
				CLANG_ANALYZER_NONNULL = YES;
				CLANG_ANALYZER_NUMBER_OBJECT_CONVERSION = YES_AGGRESSIVE;
				CLANG_CXX_LANGUAGE_STANDARD = "gnu++20";
				CLANG_ENABLE_MODULES = YES;
				CLANG_ENABLE_OBJC_ARC = YES;
				CLANG_ENABLE_OBJC_WEAK = YES;
				CLANG_WARN_BLOCK_CAPTURE_AUTORELEASING = YES;
				CLANG_WARN_BOOL_CONVERSION = YES;
				CLANG_WARN_COMMA = YES;
				CLANG_WARN_CONSTANT_CONVERSION = YES;
				CLANG_WARN_DEPRECATED_OBJC_IMPLEMENTATIONS = YES;
				CLANG_WARN_DIRECT_OBJC_ISA_USAGE = YES_ERROR;
				CLANG_WARN_DOCUMENTATION_COMMENTS = YES;
				CLANG_WARN_EMPTY_BODY = YES;
				CLANG_WARN_ENUM_CONVERSION = YES;
				CLANG_WARN_INFINITE_RECURSION = YES;
				CLANG_WARN_INT_CONVERSION = YES;
				CLANG_WARN_NON_LITERAL_NULL_CONVERSION = YES;
				CLANG_WARN_OBJC_IMPLICIT_RETAIN_SELF = YES;
				CLANG_WARN_OBJC_LITERAL_CONVERSION = YES;
				CLANG_WARN_OBJC_ROOT_CLASS = YES_ERROR;
				CLANG_WARN_QUOTED_INCLUDE_IN_FRAMEWORK_HEADER = YES;
				CLANG_WARN_RANGE_LOOP_ANALYSIS = YES;
				CLANG_WARN_STRICT_PROTOTYPES = YES;
				CLANG_WARN_SUSPICIOUS_MOVE = YES;
				CLANG_WARN_UNGUARDED_AVAILABILITY = YES_AGGRESSIVE;
				CLANG_WARN_UNREACHABLE_CODE = YES;
				CLANG_WARN__DUPLICATE_METHOD_MATCH = YES;
				COPY_PHASE_STRIP = NO;
				DEBUG_INFORMATION_FORMAT = dwarf;
				ENABLE_STRICT_OBJC_MSGSEND = YES;
				ENABLE_TESTABILITY = YES;
				GCC_C_LANGUAGE_STANDARD = gnu11;
				GCC_DYNAMIC_NO_PIC = NO;
				GCC_NO_COMMON_BLOCKS = YES;
				GCC_OPTIMIZATION_LEVEL = 0;
				GCC_PREPROCESSOR_DEFINITIONS = (
					"DEBUG=1",
					"$(inherited)",
				);
				GCC_WARN_64_TO_32_BIT_CONVERSION = YES;
				GCC_WARN_ABOUT_RETURN_TYPE = YES_ERROR;
				GCC_WARN_UNDECLARED_SELECTOR = YES;
				GCC_WARN_UNINITIALIZED_AUTOS = YES_AGGRESSIVE;
				GCC_WARN_UNUSED_FUNCTION = YES;
				GCC_WARN_UNUSED_VARIABLE = YES;
				IPHONEOS_DEPLOYMENT_TARGET = 16.0;
				MTL_ENABLE_DEBUG_INFO = INCLUDE_SOURCE;
				MTL_FAST_MATH = YES;
				ONLY_ACTIVE_ARCH = YES;
				SDKROOT = iphoneos;
				SWIFT_ACTIVE_COMPILATION_CONDITIONS = DEBUG;
				SWIFT_OPTIMIZATION_LEVEL = "-Onone";
			};
			name = Debug;
		};
		7CB35FAC291542930018998B /* Release */ = {
			isa = XCBuildConfiguration;
			buildSettings = {
				ALWAYS_SEARCH_USER_PATHS = NO;
				CLANG_ANALYZER_NONNULL = YES;
				CLANG_ANALYZER_NUMBER_OBJECT_CONVERSION = YES_AGGRESSIVE;
				CLANG_CXX_LANGUAGE_STANDARD = "gnu++20";
				CLANG_ENABLE_MODULES = YES;
				CLANG_ENABLE_OBJC_ARC = YES;
				CLANG_ENABLE_OBJC_WEAK = YES;
				CLANG_WARN_BLOCK_CAPTURE_AUTORELEASING = YES;
				CLANG_WARN_BOOL_CONVERSION = YES;
				CLANG_WARN_COMMA = YES;
				CLANG_WARN_CONSTANT_CONVERSION = YES;
				CLANG_WARN_DEPRECATED_OBJC_IMPLEMENTATIONS = YES;
				CLANG_WARN_DIRECT_OBJC_ISA_USAGE = YES_ERROR;
				CLANG_WARN_DOCUMENTATION_COMMENTS = YES;
				CLANG_WARN_EMPTY_BODY = YES;
				CLANG_WARN_ENUM_CONVERSION = YES;
				CLANG_WARN_INFINITE_RECURSION = YES;
				CLANG_WARN_INT_CONVERSION = YES;
				CLANG_WARN_NON_LITERAL_NULL_CONVERSION = YES;
				CLANG_WARN_OBJC_IMPLICIT_RETAIN_SELF = YES;
				CLANG_WARN_OBJC_LITERAL_CONVERSION = YES;
				CLANG_WARN_OBJC_ROOT_CLASS = YES_ERROR;
				CLANG_WARN_QUOTED_INCLUDE_IN_FRAMEWORK_HEADER = YES;
				CLANG_WARN_RANGE_LOOP_ANALYSIS = YES;
				CLANG_WARN_STRICT_PROTOTYPES = YES;
				CLANG_WARN_SUSPICIOUS_MOVE = YES;
				CLANG_WARN_UNGUARDED_AVAILABILITY = YES_AGGRESSIVE;
				CLANG_WARN_UNREACHABLE_CODE = YES;
				CLANG_WARN__DUPLICATE_METHOD_MATCH = YES;
				COPY_PHASE_STRIP = NO;
				DEBUG_INFORMATION_FORMAT = "dwarf-with-dsym";
				ENABLE_NS_ASSERTIONS = NO;
				ENABLE_STRICT_OBJC_MSGSEND = YES;
				GCC_C_LANGUAGE_STANDARD = gnu11;
				GCC_NO_COMMON_BLOCKS = YES;
				GCC_WARN_64_TO_32_BIT_CONVERSION = YES;
				GCC_WARN_ABOUT_RETURN_TYPE = YES_ERROR;
				GCC_WARN_UNDECLARED_SELECTOR = YES;
				GCC_WARN_UNINITIALIZED_AUTOS = YES_AGGRESSIVE;
				GCC_WARN_UNUSED_FUNCTION = YES;
				GCC_WARN_UNUSED_VARIABLE = YES;
				IPHONEOS_DEPLOYMENT_TARGET = 16.0;
				MTL_ENABLE_DEBUG_INFO = NO;
				MTL_FAST_MATH = YES;
				SDKROOT = iphoneos;
				SWIFT_COMPILATION_MODE = wholemodule;
				SWIFT_OPTIMIZATION_LEVEL = "-O";
				VALIDATE_PRODUCT = YES;
			};
			name = Release;
		};
		7CB35FAE291542930018998B /* Debug */ = {
			isa = XCBuildConfiguration;
			buildSettings = {
				ASSETCATALOG_COMPILER_APPICON_NAME = AppIcon;
				ASSETCATALOG_COMPILER_GLOBAL_ACCENT_COLOR_NAME = AccentColor;
				CODE_SIGN_STYLE = Automatic;
				CURRENT_PROJECT_VERSION = 1;
				DEVELOPMENT_TEAM = CLM5L23Y57;
				GENERATE_INFOPLIST_FILE = YES;
				INFOPLIST_FILE = iTunesSearch/Info.plist;
				INFOPLIST_KEY_UIApplicationSupportsIndirectInputEvents = YES;
				INFOPLIST_KEY_UILaunchStoryboardName = LaunchScreen;
				INFOPLIST_KEY_UIMainStoryboardFile = Main;
				INFOPLIST_KEY_UISupportedInterfaceOrientations_iPad = "UIInterfaceOrientationPortrait UIInterfaceOrientationPortraitUpsideDown UIInterfaceOrientationLandscapeLeft UIInterfaceOrientationLandscapeRight";
				INFOPLIST_KEY_UISupportedInterfaceOrientations_iPhone = "UIInterfaceOrientationPortrait UIInterfaceOrientationLandscapeLeft UIInterfaceOrientationLandscapeRight";
				LD_RUNPATH_SEARCH_PATHS = (
					"$(inherited)",
					"@executable_path/Frameworks",
				);
				MARKETING_VERSION = 1.0;
				PRODUCT_BUNDLE_IDENTIFIER = com.exercise.iTunesSearch;
				PRODUCT_NAME = "$(TARGET_NAME)";
				SWIFT_EMIT_LOC_STRINGS = YES;
				SWIFT_VERSION = 5.0;
				TARGETED_DEVICE_FAMILY = "1,2";
			};
			name = Debug;
		};
		7CB35FAF291542930018998B /* Release */ = {
			isa = XCBuildConfiguration;
			buildSettings = {
				ASSETCATALOG_COMPILER_APPICON_NAME = AppIcon;
				ASSETCATALOG_COMPILER_GLOBAL_ACCENT_COLOR_NAME = AccentColor;
				CODE_SIGN_STYLE = Automatic;
				CURRENT_PROJECT_VERSION = 1;
				DEVELOPMENT_TEAM = CLM5L23Y57;
				GENERATE_INFOPLIST_FILE = YES;
				INFOPLIST_FILE = iTunesSearch/Info.plist;
				INFOPLIST_KEY_UIApplicationSupportsIndirectInputEvents = YES;
				INFOPLIST_KEY_UILaunchStoryboardName = LaunchScreen;
				INFOPLIST_KEY_UIMainStoryboardFile = Main;
				INFOPLIST_KEY_UISupportedInterfaceOrientations_iPad = "UIInterfaceOrientationPortrait UIInterfaceOrientationPortraitUpsideDown UIInterfaceOrientationLandscapeLeft UIInterfaceOrientationLandscapeRight";
				INFOPLIST_KEY_UISupportedInterfaceOrientations_iPhone = "UIInterfaceOrientationPortrait UIInterfaceOrientationLandscapeLeft UIInterfaceOrientationLandscapeRight";
				LD_RUNPATH_SEARCH_PATHS = (
					"$(inherited)",
					"@executable_path/Frameworks",
				);
				MARKETING_VERSION = 1.0;
				PRODUCT_BUNDLE_IDENTIFIER = com.exercise.iTunesSearch;
				PRODUCT_NAME = "$(TARGET_NAME)";
				SWIFT_EMIT_LOC_STRINGS = YES;
				SWIFT_VERSION = 5.0;
				TARGETED_DEVICE_FAMILY = "1,2";
			};
			name = Release;
		};
		7CB35FB1291542930018998B /* Debug */ = {
			isa = XCBuildConfiguration;
			buildSettings = {
				ALWAYS_EMBED_SWIFT_STANDARD_LIBRARIES = YES;
				BUNDLE_LOADER = "$(TEST_HOST)";
				CODE_SIGN_STYLE = Automatic;
				CURRENT_PROJECT_VERSION = 1;
				DEVELOPMENT_TEAM = CLM5L23Y57;
				GENERATE_INFOPLIST_FILE = YES;
				IPHONEOS_DEPLOYMENT_TARGET = 16.0;
				MARKETING_VERSION = 1.0;
				PRODUCT_BUNDLE_IDENTIFIER = com.exercise.iTunesSearchTests;
				PRODUCT_NAME = "$(TARGET_NAME)";
				SWIFT_EMIT_LOC_STRINGS = NO;
				SWIFT_VERSION = 5.0;
				TARGETED_DEVICE_FAMILY = "1,2";
				TEST_HOST = "$(BUILT_PRODUCTS_DIR)/iTunesSearch.app/$(BUNDLE_EXECUTABLE_FOLDER_PATH)/iTunesSearch";
			};
			name = Debug;
		};
		7CB35FB2291542930018998B /* Release */ = {
			isa = XCBuildConfiguration;
			buildSettings = {
				ALWAYS_EMBED_SWIFT_STANDARD_LIBRARIES = YES;
				BUNDLE_LOADER = "$(TEST_HOST)";
				CODE_SIGN_STYLE = Automatic;
				CURRENT_PROJECT_VERSION = 1;
				DEVELOPMENT_TEAM = CLM5L23Y57;
				GENERATE_INFOPLIST_FILE = YES;
				IPHONEOS_DEPLOYMENT_TARGET = 16.0;
				MARKETING_VERSION = 1.0;
				PRODUCT_BUNDLE_IDENTIFIER = com.exercise.iTunesSearchTests;
				PRODUCT_NAME = "$(TARGET_NAME)";
				SWIFT_EMIT_LOC_STRINGS = NO;
				SWIFT_VERSION = 5.0;
				TARGETED_DEVICE_FAMILY = "1,2";
				TEST_HOST = "$(BUILT_PRODUCTS_DIR)/iTunesSearch.app/$(BUNDLE_EXECUTABLE_FOLDER_PATH)/iTunesSearch";
			};
			name = Release;
		};
		7CB35FB4291542930018998B /* Debug */ = {
			isa = XCBuildConfiguration;
			buildSettings = {
				ALWAYS_EMBED_SWIFT_STANDARD_LIBRARIES = YES;
				CODE_SIGN_STYLE = Automatic;
				CURRENT_PROJECT_VERSION = 1;
				DEVELOPMENT_TEAM = CLM5L23Y57;
				GENERATE_INFOPLIST_FILE = YES;
				MARKETING_VERSION = 1.0;
				PRODUCT_BUNDLE_IDENTIFIER = com.exercise.iTunesSearchUITests;
				PRODUCT_NAME = "$(TARGET_NAME)";
				SWIFT_EMIT_LOC_STRINGS = NO;
				SWIFT_VERSION = 5.0;
				TARGETED_DEVICE_FAMILY = "1,2";
				TEST_TARGET_NAME = iTunesSearch;
			};
			name = Debug;
		};
		7CB35FB5291542930018998B /* Release */ = {
			isa = XCBuildConfiguration;
			buildSettings = {
				ALWAYS_EMBED_SWIFT_STANDARD_LIBRARIES = YES;
				CODE_SIGN_STYLE = Automatic;
				CURRENT_PROJECT_VERSION = 1;
				DEVELOPMENT_TEAM = CLM5L23Y57;
				GENERATE_INFOPLIST_FILE = YES;
				MARKETING_VERSION = 1.0;
				PRODUCT_BUNDLE_IDENTIFIER = com.exercise.iTunesSearchUITests;
				PRODUCT_NAME = "$(TARGET_NAME)";
				SWIFT_EMIT_LOC_STRINGS = NO;
				SWIFT_VERSION = 5.0;
				TARGETED_DEVICE_FAMILY = "1,2";
				TEST_TARGET_NAME = iTunesSearch;
			};
			name = Release;
		};
/* End XCBuildConfiguration section */

/* Begin XCConfigurationList section */
		7CB35F7E2915428D0018998B /* Build configuration list for PBXProject "iTunesSearch" */ = {
			isa = XCConfigurationList;
			buildConfigurations = (
				7CB35FAB291542930018998B /* Debug */,
				7CB35FAC291542930018998B /* Release */,
			);
			defaultConfigurationIsVisible = 0;
			defaultConfigurationName = Release;
		};
		7CB35FAD291542930018998B /* Build configuration list for PBXNativeTarget "iTunesSearch" */ = {
			isa = XCConfigurationList;
			buildConfigurations = (
				7CB35FAE291542930018998B /* Debug */,
				7CB35FAF291542930018998B /* Release */,
			);
			defaultConfigurationIsVisible = 0;
			defaultConfigurationName = Release;
		};
		7CB35FB0291542930018998B /* Build configuration list for PBXNativeTarget "iTunesSearchTests" */ = {
			isa = XCConfigurationList;
			buildConfigurations = (
				7CB35FB1291542930018998B /* Debug */,
				7CB35FB2291542930018998B /* Release */,
			);
			defaultConfigurationIsVisible = 0;
			defaultConfigurationName = Release;
		};
		7CB35FB3291542930018998B /* Build configuration list for PBXNativeTarget "iTunesSearchUITests" */ = {
			isa = XCConfigurationList;
			buildConfigurations = (
				7CB35FB4291542930018998B /* Debug */,
				7CB35FB5291542930018998B /* Release */,
			);
			defaultConfigurationIsVisible = 0;
			defaultConfigurationName = Release;
		};
/* End XCConfigurationList section */
	};
	rootObject = 7CB35F7B2915428D0018998B /* Project object */;
}
